// !$*UTF8*$!
{
	archiveVersion = 1;
	classes = {
	};
	objectVersion = 46;
	objects = {

/* Begin PBXBuildFile section */
		4C0EE441A9D0006B034FEABF /* Pods_TwirlRssReading.framework in Frameworks */ = {isa = PBXBuildFile; fileRef = C1F022BB85D5CB5B5903F44F /* Pods_TwirlRssReading.framework */; };
		6B1A45BC1CCCB30E002BC53A /* BLMultiColorLoader.m in Sources */ = {isa = PBXBuildFile; fileRef = 6B1A45BB1CCCB30E002BC53A /* BLMultiColorLoader.m */; };
		6B1A45C21CCCB370002BC53A /* HURSSTwirlRouter.m in Sources */ = {isa = PBXBuildFile; fileRef = 6B1A45BF1CCCB370002BC53A /* HURSSTwirlRouter.m */; };
		6B1A45C31CCCB370002BC53A /* HURSSTwirlRouter+CustomSegues.m in Sources */ = {isa = PBXBuildFile; fileRef = 6B1A45C11CCCB370002BC53A /* HURSSTwirlRouter+CustomSegues.m */; };
		6B1A45CE1CCCB437002BC53A /* HURSSFeedsPresenter.m in Sources */ = {isa = PBXBuildFile; fileRef = 6B1A45C51CCCB437002BC53A /* HURSSFeedsPresenter.m */; };
		6B1A45CF1CCCB437002BC53A /* HURSSItemPresenter.m in Sources */ = {isa = PBXBuildFile; fileRef = 6B1A45C71CCCB437002BC53A /* HURSSItemPresenter.m */; };
		6B1A45D01CCCB437002BC53A /* HURSSNavigationController.m in Sources */ = {isa = PBXBuildFile; fileRef = 6B1A45C91CCCB437002BC53A /* HURSSNavigationController.m */; };
		6B1A45D11CCCB437002BC53A /* HUSelectRSSChannelPresenter.m in Sources */ = {isa = PBXBuildFile; fileRef = 6B1A45CB1CCCB437002BC53A /* HUSelectRSSChannelPresenter.m */; };
		6B1A45D21CCCB437002BC53A /* HUSplashViewController.m in Sources */ = {isa = PBXBuildFile; fileRef = 6B1A45CD1CCCB437002BC53A /* HUSplashViewController.m */; };
		6B1A45DA1CCCB4A8002BC53A /* HURSSChannel.m in Sources */ = {isa = PBXBuildFile; fileRef = 6B1A45D41CCCB4A8002BC53A /* HURSSChannel.m */; };
		6B1A45DB1CCCB4A8002BC53A /* HURSSChannelStore.m in Sources */ = {isa = PBXBuildFile; fileRef = 6B1A45D71CCCB4A8002BC53A /* HURSSChannelStore.m */; };
		6B1A45DC1CCCB4A8002BC53A /* HURSSReservedChannelSet.m in Sources */ = {isa = PBXBuildFile; fileRef = 6B1A45D91CCCB4A8002BC53A /* HURSSReservedChannelSet.m */; };
		6B1A45DF1CCCB4E3002BC53A /* HUSplashTransitionAnimator.m in Sources */ = {isa = PBXBuildFile; fileRef = 6B1A45DE1CCCB4E3002BC53A /* HUSplashTransitionAnimator.m */; };
		6B1A45E61CCCB5C8002BC53A /* HURSSChannelViewAssembly.m in Sources */ = {isa = PBXBuildFile; fileRef = 6B1A45E31CCCB5C8002BC53A /* HURSSChannelViewAssembly.m */; };
		6B1A45E71CCCB5C8002BC53A /* HUSelectRSSChannelView.m in Sources */ = {isa = PBXBuildFile; fileRef = 6B1A45E51CCCB5C8002BC53A /* HUSelectRSSChannelView.m */; };
		6B1A45EC1CCCB5DE002BC53A /* HURSSChannelButton.m in Sources */ = {isa = PBXBuildFile; fileRef = 6B1A45E91CCCB5DE002BC53A /* HURSSChannelButton.m */; };
		6B1A45ED1CCCB5DE002BC53A /* HURSSChannelTextField.m in Sources */ = {isa = PBXBuildFile; fileRef = 6B1A45EB1CCCB5DE002BC53A /* HURSSChannelTextField.m */; };
		6B1A45F81CCCB5EF002BC53A /* HURSSChannelTextFieldManager.m in Sources */ = {isa = PBXBuildFile; fileRef = 6B1A45EF1CCCB5EF002BC53A /* HURSSChannelTextFieldManager.m */; };
		6B1A45F91CCCB5EF002BC53A /* HURSSChannelViewAnimator.m in Sources */ = {isa = PBXBuildFile; fileRef = 6B1A45F11CCCB5EF002BC53A /* HURSSChannelViewAnimator.m */; };
		6B1A45FA1CCCB5EF002BC53A /* HURSSChannelViewConfigurator.m in Sources */ = {isa = PBXBuildFile; fileRef = 6B1A45F31CCCB5EF002BC53A /* HURSSChannelViewConfigurator.m */; };
		6B1A45FB1CCCB5EF002BC53A /* HURSSChannelViewConstraintsFactory.m in Sources */ = {isa = PBXBuildFile; fileRef = 6B1A45F51CCCB5EF002BC53A /* HURSSChannelViewConstraintsFactory.m */; };
		6B1A45FC1CCCB5EF002BC53A /* HURSSChannelViewStyler.m in Sources */ = {isa = PBXBuildFile; fileRef = 6B1A45F71CCCB5EF002BC53A /* HURSSChannelViewStyler.m */; };
		6B1A46011CCCB64C002BC53A /* HURSSFeedsCell.m in Sources */ = {isa = PBXBuildFile; fileRef = 6B1A45FE1CCCB64C002BC53A /* HURSSFeedsCell.m */; };
		6B1A46021CCCB64C002BC53A /* HURSSFeedsTableView.m in Sources */ = {isa = PBXBuildFile; fileRef = 6B1A46001CCCB64C002BC53A /* HURSSFeedsTableView.m */; };
		6B1A46051CCCB683002BC53A /* HURSSItemDetailView.m in Sources */ = {isa = PBXBuildFile; fileRef = 6B1A46041CCCB683002BC53A /* HURSSItemDetailView.m */; };
		6B1A460D1CCCB6B9002BC53A /* HURSSFeedInfo.m in Sources */ = {isa = PBXBuildFile; fileRef = 6B1A46081CCCB6B9002BC53A /* HURSSFeedInfo.m */; };
		6B1A460E1CCCB6B9002BC53A /* HURSSFeedItem.m in Sources */ = {isa = PBXBuildFile; fileRef = 6B1A460A1CCCB6B9002BC53A /* HURSSFeedItem.m */; };
		6B1A460F1CCCB6B9002BC53A /* HURSSFeedsReciever.m in Sources */ = {isa = PBXBuildFile; fileRef = 6B1A460C1CCCB6B9002BC53A /* HURSSFeedsReciever.m */; };
		6B1A46121CCD4F7B002BC53A /* HURSSFeedsCache.m in Sources */ = {isa = PBXBuildFile; fileRef = 6B1A46111CCD4F7B002BC53A /* HURSSFeedsCache.m */; };
		6B1A46151CCD4FEA002BC53A /* HURSSCoreDataFeedsStore.m in Sources */ = {isa = PBXBuildFile; fileRef = 6B1A46141CCD4FEA002BC53A /* HURSSCoreDataFeedsStore.m */; };
		6B1A46181CCD55B2002BC53A /* FeedsDataModel.xcdatamodeld in Sources */ = {isa = PBXBuildFile; fileRef = 6B1A46161CCD55B2002BC53A /* FeedsDataModel.xcdatamodeld */; };
		6B1A46331CCD61A2002BC53A /* HURSSManagedFeedInfo.m in Sources */ = {isa = PBXBuildFile; fileRef = 6B1A46321CCD61A2002BC53A /* HURSSManagedFeedInfo.m */; };
		6B1A46361CCD6A9E002BC53A /* HURSSManagedChannel.m in Sources */ = {isa = PBXBuildFile; fileRef = 6B1A46351CCD6A9E002BC53A /* HURSSManagedChannel.m */; };
		6B1A46391CCD6B3E002BC53A /* HURSSManagedFeedItem.m in Sources */ = {isa = PBXBuildFile; fileRef = 6B1A46381CCD6B3E002BC53A /* HURSSManagedFeedItem.m */; };
		6B7DF00E1CC2C21400AE4096 /* main.m in Sources */ = {isa = PBXBuildFile; fileRef = 6B7DF00D1CC2C21400AE4096 /* main.m */; };
		6B7DF0111CC2C21400AE4096 /* AppDelegate.m in Sources */ = {isa = PBXBuildFile; fileRef = 6B7DF0101CC2C21400AE4096 /* AppDelegate.m */; };
		6B7DF0191CC2C21400AE4096 /* Assets.xcassets in Resources */ = {isa = PBXBuildFile; fileRef = 6B7DF0181CC2C21400AE4096 /* Assets.xcassets */; };
		6B7DF01C1CC2C21400AE4096 /* LaunchScreen.storyboard in Resources */ = {isa = PBXBuildFile; fileRef = 6B7DF01A1CC2C21400AE4096 /* LaunchScreen.storyboard */; };
		6B7DF0271CC2C21500AE4096 /* TwirlRssReadingTests.m in Sources */ = {isa = PBXBuildFile; fileRef = 6B7DF0261CC2C21500AE4096 /* TwirlRssReadingTests.m */; };
		6B7DF0421CC2CB8D00AE4096 /* HURSSTwirlStyle.m in Sources */ = {isa = PBXBuildFile; fileRef = 6B7DF0411CC2CB8D00AE4096 /* HURSSTwirlStyle.m */; };
/* End PBXBuildFile section */

/* Begin PBXContainerItemProxy section */
		6B7DF0231CC2C21500AE4096 /* PBXContainerItemProxy */ = {
			isa = PBXContainerItemProxy;
			containerPortal = 6B7DF0011CC2C21400AE4096 /* Project object */;
			proxyType = 1;
			remoteGlobalIDString = 6B7DF0081CC2C21400AE4096;
			remoteInfo = TwirlRssReading;
		};
/* End PBXContainerItemProxy section */

/* Begin PBXFileReference section */
		2BDBBD39828BF905546467BF /* Pods-TwirlRssReading.release.xcconfig */ = {isa = PBXFileReference; includeInIndex = 1; lastKnownFileType = text.xcconfig; name = "Pods-TwirlRssReading.release.xcconfig"; path = "Pods/Target Support Files/Pods-TwirlRssReading/Pods-TwirlRssReading.release.xcconfig"; sourceTree = "<group>"; };
		6B1A45121CCBB25F002BC53A /* HURSSImportRoot.pch */ = {isa = PBXFileReference; fileEncoding = 4; lastKnownFileType = sourcecode.c.h; path = HURSSImportRoot.pch; sourceTree = "<group>"; };
		6B1A45BA1CCCB30E002BC53A /* BLMultiColorLoader.h */ = {isa = PBXFileReference; fileEncoding = 4; lastKnownFileType = sourcecode.c.h; name = BLMultiColorLoader.h; path = "Third Party/BLMultiColorLoader.h"; sourceTree = "<group>"; };
		6B1A45BB1CCCB30E002BC53A /* BLMultiColorLoader.m */ = {isa = PBXFileReference; fileEncoding = 4; lastKnownFileType = sourcecode.c.objc; name = BLMultiColorLoader.m; path = "Third Party/BLMultiColorLoader.m"; sourceTree = "<group>"; };
		6B1A45BD1CCCB370002BC53A /* HURSSControllersAndPresenters.h */ = {isa = PBXFileReference; fileEncoding = 4; lastKnownFileType = sourcecode.c.h; name = HURSSControllersAndPresenters.h; path = Routing/HURSSControllersAndPresenters.h; sourceTree = "<group>"; };
		6B1A45BE1CCCB370002BC53A /* HURSSTwirlRouter.h */ = {isa = PBXFileReference; fileEncoding = 4; lastKnownFileType = sourcecode.c.h; name = HURSSTwirlRouter.h; path = Routing/HURSSTwirlRouter.h; sourceTree = "<group>"; };
		6B1A45BF1CCCB370002BC53A /* HURSSTwirlRouter.m */ = {isa = PBXFileReference; fileEncoding = 4; lastKnownFileType = sourcecode.c.objc; name = HURSSTwirlRouter.m; path = Routing/HURSSTwirlRouter.m; sourceTree = "<group>"; };
		6B1A45C01CCCB370002BC53A /* HURSSTwirlRouter+CustomSegues.h */ = {isa = PBXFileReference; fileEncoding = 4; lastKnownFileType = sourcecode.c.h; name = "HURSSTwirlRouter+CustomSegues.h"; path = "Routing/HURSSTwirlRouter+CustomSegues.h"; sourceTree = "<group>"; };
		6B1A45C11CCCB370002BC53A /* HURSSTwirlRouter+CustomSegues.m */ = {isa = PBXFileReference; fileEncoding = 4; lastKnownFileType = sourcecode.c.objc; name = "HURSSTwirlRouter+CustomSegues.m"; path = "Routing/HURSSTwirlRouter+CustomSegues.m"; sourceTree = "<group>"; };
		6B1A45C41CCCB437002BC53A /* HURSSFeedsPresenter.h */ = {isa = PBXFileReference; fileEncoding = 4; lastKnownFileType = sourcecode.c.h; name = HURSSFeedsPresenter.h; path = "Controllers & Presenters/HURSSFeedsPresenter.h"; sourceTree = "<group>"; };
		6B1A45C51CCCB437002BC53A /* HURSSFeedsPresenter.m */ = {isa = PBXFileReference; fileEncoding = 4; lastKnownFileType = sourcecode.c.objc; name = HURSSFeedsPresenter.m; path = "Controllers & Presenters/HURSSFeedsPresenter.m"; sourceTree = "<group>"; };
		6B1A45C61CCCB437002BC53A /* HURSSItemPresenter.h */ = {isa = PBXFileReference; fileEncoding = 4; lastKnownFileType = sourcecode.c.h; name = HURSSItemPresenter.h; path = "Controllers & Presenters/HURSSItemPresenter.h"; sourceTree = "<group>"; };
		6B1A45C71CCCB437002BC53A /* HURSSItemPresenter.m */ = {isa = PBXFileReference; fileEncoding = 4; lastKnownFileType = sourcecode.c.objc; name = HURSSItemPresenter.m; path = "Controllers & Presenters/HURSSItemPresenter.m"; sourceTree = "<group>"; };
		6B1A45C81CCCB437002BC53A /* HURSSNavigationController.h */ = {isa = PBXFileReference; fileEncoding = 4; lastKnownFileType = sourcecode.c.h; name = HURSSNavigationController.h; path = "Controllers & Presenters/HURSSNavigationController.h"; sourceTree = "<group>"; };
		6B1A45C91CCCB437002BC53A /* HURSSNavigationController.m */ = {isa = PBXFileReference; fileEncoding = 4; lastKnownFileType = sourcecode.c.objc; name = HURSSNavigationController.m; path = "Controllers & Presenters/HURSSNavigationController.m"; sourceTree = "<group>"; };
		6B1A45CA1CCCB437002BC53A /* HUSelectRSSChannelPresenter.h */ = {isa = PBXFileReference; fileEncoding = 4; lastKnownFileType = sourcecode.c.h; name = HUSelectRSSChannelPresenter.h; path = "Controllers & Presenters/HUSelectRSSChannelPresenter.h"; sourceTree = "<group>"; };
		6B1A45CB1CCCB437002BC53A /* HUSelectRSSChannelPresenter.m */ = {isa = PBXFileReference; fileEncoding = 4; lastKnownFileType = sourcecode.c.objc; name = HUSelectRSSChannelPresenter.m; path = "Controllers & Presenters/HUSelectRSSChannelPresenter.m"; sourceTree = "<group>"; };
		6B1A45CC1CCCB437002BC53A /* HUSplashViewController.h */ = {isa = PBXFileReference; fileEncoding = 4; lastKnownFileType = sourcecode.c.h; name = HUSplashViewController.h; path = "Controllers & Presenters/HUSplashViewController.h"; sourceTree = "<group>"; };
		6B1A45CD1CCCB437002BC53A /* HUSplashViewController.m */ = {isa = PBXFileReference; fileEncoding = 4; lastKnownFileType = sourcecode.c.objc; name = HUSplashViewController.m; path = "Controllers & Presenters/HUSplashViewController.m"; sourceTree = "<group>"; };
		6B1A45D31CCCB4A8002BC53A /* HURSSChannel.h */ = {isa = PBXFileReference; fileEncoding = 4; lastKnownFileType = sourcecode.c.h; name = HURSSChannel.h; path = "Channels Store/HURSSChannel.h"; sourceTree = "<group>"; };
		6B1A45D41CCCB4A8002BC53A /* HURSSChannel.m */ = {isa = PBXFileReference; fileEncoding = 4; lastKnownFileType = sourcecode.c.objc; name = HURSSChannel.m; path = "Channels Store/HURSSChannel.m"; sourceTree = "<group>"; };
		6B1A45D51CCCB4A8002BC53A /* HURSSChannelsStoring.h */ = {isa = PBXFileReference; fileEncoding = 4; lastKnownFileType = sourcecode.c.h; name = HURSSChannelsStoring.h; path = "Channels Store/HURSSChannelsStoring.h"; sourceTree = "<group>"; };
		6B1A45D61CCCB4A8002BC53A /* HURSSChannelStore.h */ = {isa = PBXFileReference; fileEncoding = 4; lastKnownFileType = sourcecode.c.h; name = HURSSChannelStore.h; path = "Channels Store/HURSSChannelStore.h"; sourceTree = "<group>"; };
		6B1A45D71CCCB4A8002BC53A /* HURSSChannelStore.m */ = {isa = PBXFileReference; fileEncoding = 4; lastKnownFileType = sourcecode.c.objc; name = HURSSChannelStore.m; path = "Channels Store/HURSSChannelStore.m"; sourceTree = "<group>"; };
		6B1A45D81CCCB4A8002BC53A /* HURSSReservedChannelSet.h */ = {isa = PBXFileReference; fileEncoding = 4; lastKnownFileType = sourcecode.c.h; name = HURSSReservedChannelSet.h; path = "Channels Store/HURSSReservedChannelSet.h"; sourceTree = "<group>"; };
		6B1A45D91CCCB4A8002BC53A /* HURSSReservedChannelSet.m */ = {isa = PBXFileReference; fileEncoding = 4; lastKnownFileType = sourcecode.c.objc; name = HURSSReservedChannelSet.m; path = "Channels Store/HURSSReservedChannelSet.m"; sourceTree = "<group>"; };
		6B1A45DD1CCCB4E3002BC53A /* HUSplashTransitionAnimator.h */ = {isa = PBXFileReference; fileEncoding = 4; lastKnownFileType = sourcecode.c.h; name = HUSplashTransitionAnimator.h; path = "Splash Screen/HUSplashTransitionAnimator.h"; sourceTree = "<group>"; };
		6B1A45DE1CCCB4E3002BC53A /* HUSplashTransitionAnimator.m */ = {isa = PBXFileReference; fileEncoding = 4; lastKnownFileType = sourcecode.c.objc; name = HUSplashTransitionAnimator.m; path = "Splash Screen/HUSplashTransitionAnimator.m"; sourceTree = "<group>"; };
		6B1A45E21CCCB5C8002BC53A /* HURSSChannelViewAssembly.h */ = {isa = PBXFileReference; fileEncoding = 4; lastKnownFileType = sourcecode.c.h; name = HURSSChannelViewAssembly.h; path = "SelectChannel Screen/HURSSChannelViewAssembly.h"; sourceTree = "<group>"; };
		6B1A45E31CCCB5C8002BC53A /* HURSSChannelViewAssembly.m */ = {isa = PBXFileReference; fileEncoding = 4; lastKnownFileType = sourcecode.c.objc; name = HURSSChannelViewAssembly.m; path = "SelectChannel Screen/HURSSChannelViewAssembly.m"; sourceTree = "<group>"; };
		6B1A45E41CCCB5C8002BC53A /* HUSelectRSSChannelView.h */ = {isa = PBXFileReference; fileEncoding = 4; lastKnownFileType = sourcecode.c.h; name = HUSelectRSSChannelView.h; path = "SelectChannel Screen/HUSelectRSSChannelView.h"; sourceTree = "<group>"; };
		6B1A45E51CCCB5C8002BC53A /* HUSelectRSSChannelView.m */ = {isa = PBXFileReference; fileEncoding = 4; lastKnownFileType = sourcecode.c.objc; name = HUSelectRSSChannelView.m; path = "SelectChannel Screen/HUSelectRSSChannelView.m"; sourceTree = "<group>"; };
		6B1A45E81CCCB5DE002BC53A /* HURSSChannelButton.h */ = {isa = PBXFileReference; fileEncoding = 4; lastKnownFileType = sourcecode.c.h; name = HURSSChannelButton.h; path = "SelectChannel Screen/SubViews/HURSSChannelButton.h"; sourceTree = "<group>"; };
		6B1A45E91CCCB5DE002BC53A /* HURSSChannelButton.m */ = {isa = PBXFileReference; fileEncoding = 4; lastKnownFileType = sourcecode.c.objc; name = HURSSChannelButton.m; path = "SelectChannel Screen/SubViews/HURSSChannelButton.m"; sourceTree = "<group>"; };
		6B1A45EA1CCCB5DE002BC53A /* HURSSChannelTextField.h */ = {isa = PBXFileReference; fileEncoding = 4; lastKnownFileType = sourcecode.c.h; name = HURSSChannelTextField.h; path = "SelectChannel Screen/SubViews/HURSSChannelTextField.h"; sourceTree = "<group>"; };
		6B1A45EB1CCCB5DE002BC53A /* HURSSChannelTextField.m */ = {isa = PBXFileReference; fileEncoding = 4; lastKnownFileType = sourcecode.c.objc; name = HURSSChannelTextField.m; path = "SelectChannel Screen/SubViews/HURSSChannelTextField.m"; sourceTree = "<group>"; };
		6B1A45EE1CCCB5EF002BC53A /* HURSSChannelTextFieldManager.h */ = {isa = PBXFileReference; fileEncoding = 4; lastKnownFileType = sourcecode.c.h; name = HURSSChannelTextFieldManager.h; path = "SelectChannel Screen/View Modules/HURSSChannelTextFieldManager.h"; sourceTree = "<group>"; };
		6B1A45EF1CCCB5EF002BC53A /* HURSSChannelTextFieldManager.m */ = {isa = PBXFileReference; fileEncoding = 4; lastKnownFileType = sourcecode.c.objc; name = HURSSChannelTextFieldManager.m; path = "SelectChannel Screen/View Modules/HURSSChannelTextFieldManager.m"; sourceTree = "<group>"; };
		6B1A45F01CCCB5EF002BC53A /* HURSSChannelViewAnimator.h */ = {isa = PBXFileReference; fileEncoding = 4; lastKnownFileType = sourcecode.c.h; name = HURSSChannelViewAnimator.h; path = "SelectChannel Screen/View Modules/HURSSChannelViewAnimator.h"; sourceTree = "<group>"; };
		6B1A45F11CCCB5EF002BC53A /* HURSSChannelViewAnimator.m */ = {isa = PBXFileReference; fileEncoding = 4; lastKnownFileType = sourcecode.c.objc; name = HURSSChannelViewAnimator.m; path = "SelectChannel Screen/View Modules/HURSSChannelViewAnimator.m"; sourceTree = "<group>"; };
		6B1A45F21CCCB5EF002BC53A /* HURSSChannelViewConfigurator.h */ = {isa = PBXFileReference; fileEncoding = 4; lastKnownFileType = sourcecode.c.h; name = HURSSChannelViewConfigurator.h; path = "SelectChannel Screen/View Modules/HURSSChannelViewConfigurator.h"; sourceTree = "<group>"; };
		6B1A45F31CCCB5EF002BC53A /* HURSSChannelViewConfigurator.m */ = {isa = PBXFileReference; fileEncoding = 4; lastKnownFileType = sourcecode.c.objc; name = HURSSChannelViewConfigurator.m; path = "SelectChannel Screen/View Modules/HURSSChannelViewConfigurator.m"; sourceTree = "<group>"; };
		6B1A45F41CCCB5EF002BC53A /* HURSSChannelViewConstraintsFactory.h */ = {isa = PBXFileReference; fileEncoding = 4; lastKnownFileType = sourcecode.c.h; name = HURSSChannelViewConstraintsFactory.h; path = "SelectChannel Screen/View Modules/HURSSChannelViewConstraintsFactory.h"; sourceTree = "<group>"; };
		6B1A45F51CCCB5EF002BC53A /* HURSSChannelViewConstraintsFactory.m */ = {isa = PBXFileReference; fileEncoding = 4; lastKnownFileType = sourcecode.c.objc; name = HURSSChannelViewConstraintsFactory.m; path = "SelectChannel Screen/View Modules/HURSSChannelViewConstraintsFactory.m"; sourceTree = "<group>"; };
		6B1A45F61CCCB5EF002BC53A /* HURSSChannelViewStyler.h */ = {isa = PBXFileReference; fileEncoding = 4; lastKnownFileType = sourcecode.c.h; name = HURSSChannelViewStyler.h; path = "SelectChannel Screen/View Modules/HURSSChannelViewStyler.h"; sourceTree = "<group>"; };
		6B1A45F71CCCB5EF002BC53A /* HURSSChannelViewStyler.m */ = {isa = PBXFileReference; fileEncoding = 4; lastKnownFileType = sourcecode.c.objc; name = HURSSChannelViewStyler.m; path = "SelectChannel Screen/View Modules/HURSSChannelViewStyler.m"; sourceTree = "<group>"; };
		6B1A45FD1CCCB64C002BC53A /* HURSSFeedsCell.h */ = {isa = PBXFileReference; fileEncoding = 4; lastKnownFileType = sourcecode.c.h; name = HURSSFeedsCell.h; path = "Feeds Screen/HURSSFeedsCell.h"; sourceTree = "<group>"; };
		6B1A45FE1CCCB64C002BC53A /* HURSSFeedsCell.m */ = {isa = PBXFileReference; fileEncoding = 4; lastKnownFileType = sourcecode.c.objc; name = HURSSFeedsCell.m; path = "Feeds Screen/HURSSFeedsCell.m"; sourceTree = "<group>"; };
		6B1A45FF1CCCB64C002BC53A /* HURSSFeedsTableView.h */ = {isa = PBXFileReference; fileEncoding = 4; lastKnownFileType = sourcecode.c.h; name = HURSSFeedsTableView.h; path = "Feeds Screen/HURSSFeedsTableView.h"; sourceTree = "<group>"; };
		6B1A46001CCCB64C002BC53A /* HURSSFeedsTableView.m */ = {isa = PBXFileReference; fileEncoding = 4; lastKnownFileType = sourcecode.c.objc; name = HURSSFeedsTableView.m; path = "Feeds Screen/HURSSFeedsTableView.m"; sourceTree = "<group>"; };
		6B1A46031CCCB683002BC53A /* HURSSItemDetailView.h */ = {isa = PBXFileReference; fileEncoding = 4; lastKnownFileType = sourcecode.c.h; name = HURSSItemDetailView.h; path = "Item Details Screen/HURSSItemDetailView.h"; sourceTree = "<group>"; };
		6B1A46041CCCB683002BC53A /* HURSSItemDetailView.m */ = {isa = PBXFileReference; fileEncoding = 4; lastKnownFileType = sourcecode.c.objc; name = HURSSItemDetailView.m; path = "Item Details Screen/HURSSItemDetailView.m"; sourceTree = "<group>"; };
		6B1A46071CCCB6B9002BC53A /* HURSSFeedInfo.h */ = {isa = PBXFileReference; fileEncoding = 4; lastKnownFileType = sourcecode.c.h; name = HURSSFeedInfo.h; path = "Feeds Recieving/HURSSFeedInfo.h"; sourceTree = "<group>"; };
		6B1A46081CCCB6B9002BC53A /* HURSSFeedInfo.m */ = {isa = PBXFileReference; fileEncoding = 4; lastKnownFileType = sourcecode.c.objc; name = HURSSFeedInfo.m; path = "Feeds Recieving/HURSSFeedInfo.m"; sourceTree = "<group>"; };
		6B1A46091CCCB6B9002BC53A /* HURSSFeedItem.h */ = {isa = PBXFileReference; fileEncoding = 4; lastKnownFileType = sourcecode.c.h; name = HURSSFeedItem.h; path = "Feeds Recieving/HURSSFeedItem.h"; sourceTree = "<group>"; };
		6B1A460A1CCCB6B9002BC53A /* HURSSFeedItem.m */ = {isa = PBXFileReference; fileEncoding = 4; lastKnownFileType = sourcecode.c.objc; name = HURSSFeedItem.m; path = "Feeds Recieving/HURSSFeedItem.m"; sourceTree = "<group>"; };
		6B1A460B1CCCB6B9002BC53A /* HURSSFeedsReciever.h */ = {isa = PBXFileReference; fileEncoding = 4; lastKnownFileType = sourcecode.c.h; name = HURSSFeedsReciever.h; path = "Feeds Recieving/HURSSFeedsReciever.h"; sourceTree = "<group>"; };
		6B1A460C1CCCB6B9002BC53A /* HURSSFeedsReciever.m */ = {isa = PBXFileReference; fileEncoding = 4; lastKnownFileType = sourcecode.c.objc; name = HURSSFeedsReciever.m; path = "Feeds Recieving/HURSSFeedsReciever.m"; sourceTree = "<group>"; };
		6B1A46101CCD4F7B002BC53A /* HURSSFeedsCache.h */ = {isa = PBXFileReference; fileEncoding = 4; lastKnownFileType = sourcecode.c.h; path = HURSSFeedsCache.h; sourceTree = "<group>"; };
		6B1A46111CCD4F7B002BC53A /* HURSSFeedsCache.m */ = {isa = PBXFileReference; fileEncoding = 4; lastKnownFileType = sourcecode.c.objc; path = HURSSFeedsCache.m; sourceTree = "<group>"; };
		6B1A46131CCD4FEA002BC53A /* HURSSCoreDataFeedsStore.h */ = {isa = PBXFileReference; fileEncoding = 4; lastKnownFileType = sourcecode.c.h; path = HURSSCoreDataFeedsStore.h; sourceTree = "<group>"; };
		6B1A46141CCD4FEA002BC53A /* HURSSCoreDataFeedsStore.m */ = {isa = PBXFileReference; fileEncoding = 4; lastKnownFileType = sourcecode.c.objc; path = HURSSCoreDataFeedsStore.m; sourceTree = "<group>"; };
		6B1A46171CCD55B2002BC53A /* FeedsDataModel.xcdatamodel */ = {isa = PBXFileReference; lastKnownFileType = wrapper.xcdatamodel; path = FeedsDataModel.xcdatamodel; sourceTree = "<group>"; };
		6B1A46311CCD61A2002BC53A /* HURSSManagedFeedInfo.h */ = {isa = PBXFileReference; fileEncoding = 4; lastKnownFileType = sourcecode.c.h; path = HURSSManagedFeedInfo.h; sourceTree = "<group>"; };
		6B1A46321CCD61A2002BC53A /* HURSSManagedFeedInfo.m */ = {isa = PBXFileReference; fileEncoding = 4; lastKnownFileType = sourcecode.c.objc; path = HURSSManagedFeedInfo.m; sourceTree = "<group>"; };
		6B1A46341CCD6A9E002BC53A /* HURSSManagedChannel.h */ = {isa = PBXFileReference; fileEncoding = 4; lastKnownFileType = sourcecode.c.h; path = HURSSManagedChannel.h; sourceTree = "<group>"; };
		6B1A46351CCD6A9E002BC53A /* HURSSManagedChannel.m */ = {isa = PBXFileReference; fileEncoding = 4; lastKnownFileType = sourcecode.c.objc; path = HURSSManagedChannel.m; sourceTree = "<group>"; };
		6B1A46371CCD6B3E002BC53A /* HURSSManagedFeedItem.h */ = {isa = PBXFileReference; fileEncoding = 4; lastKnownFileType = sourcecode.c.h; path = HURSSManagedFeedItem.h; sourceTree = "<group>"; };
		6B1A46381CCD6B3E002BC53A /* HURSSManagedFeedItem.m */ = {isa = PBXFileReference; fileEncoding = 4; lastKnownFileType = sourcecode.c.objc; path = HURSSManagedFeedItem.m; sourceTree = "<group>"; };
		6B7DF0091CC2C21400AE4096 /* TwirlRssReading.app */ = {isa = PBXFileReference; explicitFileType = wrapper.application; includeInIndex = 0; path = TwirlRssReading.app; sourceTree = BUILT_PRODUCTS_DIR; };
		6B7DF00D1CC2C21400AE4096 /* main.m */ = {isa = PBXFileReference; lastKnownFileType = sourcecode.c.objc; path = main.m; sourceTree = "<group>"; };
		6B7DF00F1CC2C21400AE4096 /* AppDelegate.h */ = {isa = PBXFileReference; lastKnownFileType = sourcecode.c.h; path = AppDelegate.h; sourceTree = "<group>"; };
		6B7DF0101CC2C21400AE4096 /* AppDelegate.m */ = {isa = PBXFileReference; lastKnownFileType = sourcecode.c.objc; path = AppDelegate.m; sourceTree = "<group>"; };
		6B7DF0181CC2C21400AE4096 /* Assets.xcassets */ = {isa = PBXFileReference; lastKnownFileType = folder.assetcatalog; path = Assets.xcassets; sourceTree = "<group>"; };
		6B7DF01B1CC2C21400AE4096 /* Base */ = {isa = PBXFileReference; lastKnownFileType = file.storyboard; name = Base; path = Base.lproj/LaunchScreen.storyboard; sourceTree = "<group>"; };
		6B7DF01D1CC2C21400AE4096 /* Info.plist */ = {isa = PBXFileReference; lastKnownFileType = text.plist.xml; path = Info.plist; sourceTree = "<group>"; };
		6B7DF0221CC2C21500AE4096 /* TwirlRssReadingTests.xctest */ = {isa = PBXFileReference; explicitFileType = wrapper.cfbundle; includeInIndex = 0; path = TwirlRssReadingTests.xctest; sourceTree = BUILT_PRODUCTS_DIR; };
		6B7DF0261CC2C21500AE4096 /* TwirlRssReadingTests.m */ = {isa = PBXFileReference; lastKnownFileType = sourcecode.c.objc; path = TwirlRssReadingTests.m; sourceTree = "<group>"; };
		6B7DF0281CC2C21500AE4096 /* Info.plist */ = {isa = PBXFileReference; lastKnownFileType = text.plist.xml; path = Info.plist; sourceTree = "<group>"; };
		6B7DF0401CC2CB8D00AE4096 /* HURSSTwirlStyle.h */ = {isa = PBXFileReference; fileEncoding = 4; lastKnownFileType = sourcecode.c.h; path = HURSSTwirlStyle.h; sourceTree = "<group>"; };
		6B7DF0411CC2CB8D00AE4096 /* HURSSTwirlStyle.m */ = {isa = PBXFileReference; fileEncoding = 4; lastKnownFileType = sourcecode.c.objc; path = HURSSTwirlStyle.m; sourceTree = "<group>"; };
		C1F022BB85D5CB5B5903F44F /* Pods_TwirlRssReading.framework */ = {isa = PBXFileReference; explicitFileType = wrapper.framework; includeInIndex = 0; path = Pods_TwirlRssReading.framework; sourceTree = BUILT_PRODUCTS_DIR; };
		D186BE21BDB8C05D39B050DE /* Pods-TwirlRssReading.debug.xcconfig */ = {isa = PBXFileReference; includeInIndex = 1; lastKnownFileType = text.xcconfig; name = "Pods-TwirlRssReading.debug.xcconfig"; path = "Pods/Target Support Files/Pods-TwirlRssReading/Pods-TwirlRssReading.debug.xcconfig"; sourceTree = "<group>"; };
/* End PBXFileReference section */

/* Begin PBXFrameworksBuildPhase section */
		6B7DF0061CC2C21400AE4096 /* Frameworks */ = {
			isa = PBXFrameworksBuildPhase;
			buildActionMask = 2147483647;
			files = (
				4C0EE441A9D0006B034FEABF /* Pods_TwirlRssReading.framework in Frameworks */,
			);
			runOnlyForDeploymentPostprocessing = 0;
		};
		6B7DF01F1CC2C21500AE4096 /* Frameworks */ = {
			isa = PBXFrameworksBuildPhase;
			buildActionMask = 2147483647;
			files = (
			);
			runOnlyForDeploymentPostprocessing = 0;
		};
/* End PBXFrameworksBuildPhase section */

/* Begin PBXGroup section */
		6B1A44EB1CC5D8CE002BC53A /* Routing */ = {
			isa = PBXGroup;
			children = (
				6B1A45BD1CCCB370002BC53A /* HURSSControllersAndPresenters.h */,
				6B1A45BE1CCCB370002BC53A /* HURSSTwirlRouter.h */,
				6B1A45BF1CCCB370002BC53A /* HURSSTwirlRouter.m */,
				6B1A45C01CCCB370002BC53A /* HURSSTwirlRouter+CustomSegues.h */,
				6B1A45C11CCCB370002BC53A /* HURSSTwirlRouter+CustomSegues.m */,
			);
			name = Routing;
			sourceTree = "<group>";
		};
		6B1A44EC1CC5D8E0002BC53A /* Splash Screen */ = {
			isa = PBXGroup;
			children = (
				6B1A45DD1CCCB4E3002BC53A /* HUSplashTransitionAnimator.h */,
				6B1A45DE1CCCB4E3002BC53A /* HUSplashTransitionAnimator.m */,
			);
			name = "Splash Screen";
			sourceTree = "<group>";
		};
		6B1A44ED1CC5D8F5002BC53A /* Feeds Screen */ = {
			isa = PBXGroup;
			children = (
				6B1A45FF1CCCB64C002BC53A /* HURSSFeedsTableView.h */,
				6B1A46001CCCB64C002BC53A /* HURSSFeedsTableView.m */,
				6B1A45FD1CCCB64C002BC53A /* HURSSFeedsCell.h */,
				6B1A45FE1CCCB64C002BC53A /* HURSSFeedsCell.m */,
			);
			name = "Feeds Screen";
			sourceTree = "<group>";
		};
		6B1A44EE1CC5D903002BC53A /* ItemDetails Screen */ = {
			isa = PBXGroup;
			children = (
				6B1A46031CCCB683002BC53A /* HURSSItemDetailView.h */,
				6B1A46041CCCB683002BC53A /* HURSSItemDetailView.m */,
			);
			name = "ItemDetails Screen";
			sourceTree = "<group>";
		};
		6B1A44EF1CC5D923002BC53A /* SelectChannel Screen */ = {
			isa = PBXGroup;
			children = (
				6B1A45E41CCCB5C8002BC53A /* HUSelectRSSChannelView.h */,
				6B1A45E51CCCB5C8002BC53A /* HUSelectRSSChannelView.m */,
				6B1A45E21CCCB5C8002BC53A /* HURSSChannelViewAssembly.h */,
				6B1A45E31CCCB5C8002BC53A /* HURSSChannelViewAssembly.m */,
				6B1A45E01CCCB598002BC53A /* SubViews */,
				6B1A45E11CCCB5A5002BC53A /* View Modules */,
			);
			name = "SelectChannel Screen";
			sourceTree = "<group>";
		};
		6B1A450E1CCABC3C002BC53A /* Third Party */ = {
			isa = PBXGroup;
			children = (
				6B1A45BA1CCCB30E002BC53A /* BLMultiColorLoader.h */,
				6B1A45BB1CCCB30E002BC53A /* BLMultiColorLoader.m */,
			);
			name = "Third Party";
			sourceTree = "<group>";
		};
		6B1A45151CCBC223002BC53A /* Channels Store */ = {
			isa = PBXGroup;
			children = (
				6B1A45D31CCCB4A8002BC53A /* HURSSChannel.h */,
				6B1A45D41CCCB4A8002BC53A /* HURSSChannel.m */,
				6B1A45D51CCCB4A8002BC53A /* HURSSChannelsStoring.h */,
				6B1A45D61CCCB4A8002BC53A /* HURSSChannelStore.h */,
				6B1A45D71CCCB4A8002BC53A /* HURSSChannelStore.m */,
				6B1A45D81CCCB4A8002BC53A /* HURSSReservedChannelSet.h */,
				6B1A45D91CCCB4A8002BC53A /* HURSSReservedChannelSet.m */,
			);
			name = "Channels Store";
			sourceTree = "<group>";
		};
		6B1A45161CCBC31E002BC53A /* Controllers & Presenters */ = {
			isa = PBXGroup;
			children = (
				6B1A45C81CCCB437002BC53A /* HURSSNavigationController.h */,
				6B1A45C91CCCB437002BC53A /* HURSSNavigationController.m */,
				6B1A45CC1CCCB437002BC53A /* HUSplashViewController.h */,
				6B1A45CD1CCCB437002BC53A /* HUSplashViewController.m */,
				6B1A45CA1CCCB437002BC53A /* HUSelectRSSChannelPresenter.h */,
				6B1A45CB1CCCB437002BC53A /* HUSelectRSSChannelPresenter.m */,
				6B1A45C41CCCB437002BC53A /* HURSSFeedsPresenter.h */,
				6B1A45C51CCCB437002BC53A /* HURSSFeedsPresenter.m */,
				6B1A45C61CCCB437002BC53A /* HURSSItemPresenter.h */,
				6B1A45C71CCCB437002BC53A /* HURSSItemPresenter.m */,
			);
			name = "Controllers & Presenters";
			sourceTree = "<group>";
		};
		6B1A45E01CCCB598002BC53A /* SubViews */ = {
			isa = PBXGroup;
			children = (
				6B1A45E81CCCB5DE002BC53A /* HURSSChannelButton.h */,
				6B1A45E91CCCB5DE002BC53A /* HURSSChannelButton.m */,
				6B1A45EA1CCCB5DE002BC53A /* HURSSChannelTextField.h */,
				6B1A45EB1CCCB5DE002BC53A /* HURSSChannelTextField.m */,
			);
			name = SubViews;
			sourceTree = "<group>";
		};
		6B1A45E11CCCB5A5002BC53A /* View Modules */ = {
			isa = PBXGroup;
			children = (
				6B1A45EE1CCCB5EF002BC53A /* HURSSChannelTextFieldManager.h */,
				6B1A45EF1CCCB5EF002BC53A /* HURSSChannelTextFieldManager.m */,
				6B1A45F01CCCB5EF002BC53A /* HURSSChannelViewAnimator.h */,
				6B1A45F11CCCB5EF002BC53A /* HURSSChannelViewAnimator.m */,
				6B1A45F21CCCB5EF002BC53A /* HURSSChannelViewConfigurator.h */,
				6B1A45F31CCCB5EF002BC53A /* HURSSChannelViewConfigurator.m */,
				6B1A45F41CCCB5EF002BC53A /* HURSSChannelViewConstraintsFactory.h */,
				6B1A45F51CCCB5EF002BC53A /* HURSSChannelViewConstraintsFactory.m */,
				6B1A45F61CCCB5EF002BC53A /* HURSSChannelViewStyler.h */,
				6B1A45F71CCCB5EF002BC53A /* HURSSChannelViewStyler.m */,
			);
			name = "View Modules";
			sourceTree = "<group>";
		};
		6B1A46061CCCB68E002BC53A /* Feeds Recieving */ = {
			isa = PBXGroup;
			children = (
				6B1A46071CCCB6B9002BC53A /* HURSSFeedInfo.h */,
				6B1A46081CCCB6B9002BC53A /* HURSSFeedInfo.m */,
				6B1A46091CCCB6B9002BC53A /* HURSSFeedItem.h */,
				6B1A460A1CCCB6B9002BC53A /* HURSSFeedItem.m */,
				6B1A460B1CCCB6B9002BC53A /* HURSSFeedsReciever.h */,
				6B1A460C1CCCB6B9002BC53A /* HURSSFeedsReciever.m */,
				6B1A46101CCD4F7B002BC53A /* HURSSFeedsCache.h */,
				6B1A46111CCD4F7B002BC53A /* HURSSFeedsCache.m */,
				6B1A46131CCD4FEA002BC53A /* HURSSCoreDataFeedsStore.h */,
				6B1A46141CCD4FEA002BC53A /* HURSSCoreDataFeedsStore.m */,
				6B1A46311CCD61A2002BC53A /* HURSSManagedFeedInfo.h */,
				6B1A46321CCD61A2002BC53A /* HURSSManagedFeedInfo.m */,
				6B1A46341CCD6A9E002BC53A /* HURSSManagedChannel.h */,
				6B1A46351CCD6A9E002BC53A /* HURSSManagedChannel.m */,
				6B1A46371CCD6B3E002BC53A /* HURSSManagedFeedItem.h */,
				6B1A46381CCD6B3E002BC53A /* HURSSManagedFeedItem.m */,
			);
			name = "Feeds Recieving";
			sourceTree = "<group>";
		};
		6B7DF0001CC2C21400AE4096 = {
			isa = PBXGroup;
			children = (
				6B7DF00B1CC2C21400AE4096 /* TwirlRssReading */,
				6B7DF0251CC2C21500AE4096 /* TwirlRssReadingTests */,
				6B7DF00A1CC2C21400AE4096 /* Products */,
				C56F0E7472CCC4D79703E839 /* Pods */,
				9154EB1BABA4B852583AB439 /* Frameworks */,
			);
			sourceTree = "<group>";
		};
		6B7DF00A1CC2C21400AE4096 /* Products */ = {
			isa = PBXGroup;
			children = (
				6B7DF0091CC2C21400AE4096 /* TwirlRssReading.app */,
				6B7DF0221CC2C21500AE4096 /* TwirlRssReadingTests.xctest */,
			);
			name = Products;
			sourceTree = "<group>";
		};
		6B7DF00B1CC2C21400AE4096 /* TwirlRssReading */ = {
			isa = PBXGroup;
			children = (
				6B1A450E1CCABC3C002BC53A /* Third Party */,
				6B7DF00F1CC2C21400AE4096 /* AppDelegate.h */,
				6B7DF0101CC2C21400AE4096 /* AppDelegate.m */,
				6B7DF0401CC2CB8D00AE4096 /* HURSSTwirlStyle.h */,
				6B7DF0411CC2CB8D00AE4096 /* HURSSTwirlStyle.m */,
				6B1A46061CCCB68E002BC53A /* Feeds Recieving */,
				6B1A44EB1CC5D8CE002BC53A /* Routing */,
				6B1A45161CCBC31E002BC53A /* Controllers & Presenters */,
				6B1A45151CCBC223002BC53A /* Channels Store */,
				6B1A44EC1CC5D8E0002BC53A /* Splash Screen */,
				6B1A44EF1CC5D923002BC53A /* SelectChannel Screen */,
				6B1A44ED1CC5D8F5002BC53A /* Feeds Screen */,
				6B1A44EE1CC5D903002BC53A /* ItemDetails Screen */,
				6B7DF0181CC2C21400AE4096 /* Assets.xcassets */,
				6B7DF01A1CC2C21400AE4096 /* LaunchScreen.storyboard */,
				6B7DF01D1CC2C21400AE4096 /* Info.plist */,
				6B1A46161CCD55B2002BC53A /* FeedsDataModel.xcdatamodeld */,
				6B7DF00C1CC2C21400AE4096 /* Supporting Files */,
			);
			path = TwirlRssReading;
			sourceTree = "<group>";
		};
		6B7DF00C1CC2C21400AE4096 /* Supporting Files */ = {
			isa = PBXGroup;
			children = (
				6B7DF00D1CC2C21400AE4096 /* main.m */,
				6B1A45121CCBB25F002BC53A /* HURSSImportRoot.pch */,
			);
			name = "Supporting Files";
			sourceTree = "<group>";
		};
		6B7DF0251CC2C21500AE4096 /* TwirlRssReadingTests */ = {
			isa = PBXGroup;
			children = (
				6B7DF0261CC2C21500AE4096 /* TwirlRssReadingTests.m */,
				6B7DF0281CC2C21500AE4096 /* Info.plist */,
			);
			path = TwirlRssReadingTests;
			sourceTree = "<group>";
		};
		9154EB1BABA4B852583AB439 /* Frameworks */ = {
			isa = PBXGroup;
			children = (
				C1F022BB85D5CB5B5903F44F /* Pods_TwirlRssReading.framework */,
			);
			name = Frameworks;
			sourceTree = "<group>";
		};
		C56F0E7472CCC4D79703E839 /* Pods */ = {
			isa = PBXGroup;
			children = (
				D186BE21BDB8C05D39B050DE /* Pods-TwirlRssReading.debug.xcconfig */,
				2BDBBD39828BF905546467BF /* Pods-TwirlRssReading.release.xcconfig */,
			);
			name = Pods;
			sourceTree = "<group>";
		};
/* End PBXGroup section */

/* Begin PBXNativeTarget section */
		6B7DF0081CC2C21400AE4096 /* TwirlRssReading */ = {
			isa = PBXNativeTarget;
			buildConfigurationList = 6B7DF02B1CC2C21500AE4096 /* Build configuration list for PBXNativeTarget "TwirlRssReading" */;
			buildPhases = (
				C6B1FBF09A5783481E1361B9 /* Check Pods Manifest.lock */,
				6B7DF0051CC2C21400AE4096 /* Sources */,
				6B7DF0061CC2C21400AE4096 /* Frameworks */,
				6B7DF0071CC2C21400AE4096 /* Resources */,
				240F940A3C11D14EC25C0F30 /* Embed Pods Frameworks */,
				B6FE61E03446C6981EAE3BE6 /* Copy Pods Resources */,
			);
			buildRules = (
			);
			dependencies = (
			);
			name = TwirlRssReading;
			productName = TwirlRssReading;
			productReference = 6B7DF0091CC2C21400AE4096 /* TwirlRssReading.app */;
			productType = "com.apple.product-type.application";
		};
		6B7DF0211CC2C21500AE4096 /* TwirlRssReadingTests */ = {
			isa = PBXNativeTarget;
			buildConfigurationList = 6B7DF02E1CC2C21500AE4096 /* Build configuration list for PBXNativeTarget "TwirlRssReadingTests" */;
			buildPhases = (
				6B7DF01E1CC2C21500AE4096 /* Sources */,
				6B7DF01F1CC2C21500AE4096 /* Frameworks */,
				6B7DF0201CC2C21500AE4096 /* Resources */,
			);
			buildRules = (
			);
			dependencies = (
				6B7DF0241CC2C21500AE4096 /* PBXTargetDependency */,
			);
			name = TwirlRssReadingTests;
			productName = TwirlRssReadingTests;
			productReference = 6B7DF0221CC2C21500AE4096 /* TwirlRssReadingTests.xctest */;
			productType = "com.apple.product-type.bundle.unit-test";
		};
/* End PBXNativeTarget section */

/* Begin PBXProject section */
		6B7DF0011CC2C21400AE4096 /* Project object */ = {
			isa = PBXProject;
			attributes = {
				LastUpgradeCheck = 0720;
				ORGANIZATIONNAME = "Alexandr Babenko";
				TargetAttributes = {
					6B7DF0081CC2C21400AE4096 = {
						CreatedOnToolsVersion = 7.2.1;
						DevelopmentTeam = G66E5Z7S9K;
					};
					6B7DF0211CC2C21500AE4096 = {
						CreatedOnToolsVersion = 7.2.1;
						DevelopmentTeam = G66E5Z7S9K;
						TestTargetID = 6B7DF0081CC2C21400AE4096;
					};
				};
			};
			buildConfigurationList = 6B7DF0041CC2C21400AE4096 /* Build configuration list for PBXProject "TwirlRssReading" */;
			compatibilityVersion = "Xcode 3.2";
			developmentRegion = English;
			hasScannedForEncodings = 0;
			knownRegions = (
				en,
				Base,
			);
			mainGroup = 6B7DF0001CC2C21400AE4096;
			productRefGroup = 6B7DF00A1CC2C21400AE4096 /* Products */;
			projectDirPath = "";
			projectRoot = "";
			targets = (
				6B7DF0081CC2C21400AE4096 /* TwirlRssReading */,
				6B7DF0211CC2C21500AE4096 /* TwirlRssReadingTests */,
			);
		};
/* End PBXProject section */

/* Begin PBXResourcesBuildPhase section */
		6B7DF0071CC2C21400AE4096 /* Resources */ = {
			isa = PBXResourcesBuildPhase;
			buildActionMask = 2147483647;
			files = (
				6B7DF01C1CC2C21400AE4096 /* LaunchScreen.storyboard in Resources */,
				6B7DF0191CC2C21400AE4096 /* Assets.xcassets in Resources */,
			);
			runOnlyForDeploymentPostprocessing = 0;
		};
		6B7DF0201CC2C21500AE4096 /* Resources */ = {
			isa = PBXResourcesBuildPhase;
			buildActionMask = 2147483647;
			files = (
			);
			runOnlyForDeploymentPostprocessing = 0;
		};
/* End PBXResourcesBuildPhase section */

/* Begin PBXShellScriptBuildPhase section */
		240F940A3C11D14EC25C0F30 /* Embed Pods Frameworks */ = {
			isa = PBXShellScriptBuildPhase;
			buildActionMask = 2147483647;
			files = (
			);
			inputPaths = (
			);
			name = "Embed Pods Frameworks";
			outputPaths = (
			);
			runOnlyForDeploymentPostprocessing = 0;
			shellPath = /bin/sh;
			shellScript = "\"${SRCROOT}/Pods/Target Support Files/Pods-TwirlRssReading/Pods-TwirlRssReading-frameworks.sh\"\n";
			showEnvVarsInLog = 0;
		};
		B6FE61E03446C6981EAE3BE6 /* Copy Pods Resources */ = {
			isa = PBXShellScriptBuildPhase;
			buildActionMask = 2147483647;
			files = (
			);
			inputPaths = (
			);
			name = "Copy Pods Resources";
			outputPaths = (
			);
			runOnlyForDeploymentPostprocessing = 0;
			shellPath = /bin/sh;
			shellScript = "\"${SRCROOT}/Pods/Target Support Files/Pods-TwirlRssReading/Pods-TwirlRssReading-resources.sh\"\n";
			showEnvVarsInLog = 0;
		};
		C6B1FBF09A5783481E1361B9 /* Check Pods Manifest.lock */ = {
			isa = PBXShellScriptBuildPhase;
			buildActionMask = 2147483647;
			files = (
			);
			inputPaths = (
			);
			name = "Check Pods Manifest.lock";
			outputPaths = (
			);
			runOnlyForDeploymentPostprocessing = 0;
			shellPath = /bin/sh;
			shellScript = "diff \"${PODS_ROOT}/../Podfile.lock\" \"${PODS_ROOT}/Manifest.lock\" > /dev/null\nif [[ $? != 0 ]] ; then\n    cat << EOM\nerror: The sandbox is not in sync with the Podfile.lock. Run 'pod install' or update your CocoaPods installation.\nEOM\n    exit 1\nfi\n";
			showEnvVarsInLog = 0;
		};
/* End PBXShellScriptBuildPhase section */

/* Begin PBXSourcesBuildPhase section */
		6B7DF0051CC2C21400AE4096 /* Sources */ = {
			isa = PBXSourcesBuildPhase;
			buildActionMask = 2147483647;
			files = (
				6B1A460F1CCCB6B9002BC53A /* HURSSFeedsReciever.m in Sources */,
				6B1A45ED1CCCB5DE002BC53A /* HURSSChannelTextField.m in Sources */,
				6B1A45C31CCCB370002BC53A /* HURSSTwirlRouter+CustomSegues.m in Sources */,
				6B1A45EC1CCCB5DE002BC53A /* HURSSChannelButton.m in Sources */,
				6B1A45E71CCCB5C8002BC53A /* HUSelectRSSChannelView.m in Sources */,
				6B1A45BC1CCCB30E002BC53A /* BLMultiColorLoader.m in Sources */,
				6B1A45CE1CCCB437002BC53A /* HURSSFeedsPresenter.m in Sources */,
				6B1A45F91CCCB5EF002BC53A /* HURSSChannelViewAnimator.m in Sources */,
				6B1A45F81CCCB5EF002BC53A /* HURSSChannelTextFieldManager.m in Sources */,
				6B1A45E61CCCB5C8002BC53A /* HURSSChannelViewAssembly.m in Sources */,
				6B1A46151CCD4FEA002BC53A /* HURSSCoreDataFeedsStore.m in Sources */,
				6B1A45FB1CCCB5EF002BC53A /* HURSSChannelViewConstraintsFactory.m in Sources */,
				6B1A45FC1CCCB5EF002BC53A /* HURSSChannelViewStyler.m in Sources */,
				6B1A45C21CCCB370002BC53A /* HURSSTwirlRouter.m in Sources */,
				6B7DF0421CC2CB8D00AE4096 /* HURSSTwirlStyle.m in Sources */,
				6B1A45DF1CCCB4E3002BC53A /* HUSplashTransitionAnimator.m in Sources */,
				6B1A45FA1CCCB5EF002BC53A /* HURSSChannelViewConfigurator.m in Sources */,
				6B1A46361CCD6A9E002BC53A /* HURSSManagedChannel.m in Sources */,
				6B1A46121CCD4F7B002BC53A /* HURSSFeedsCache.m in Sources */,
				6B1A45DB1CCCB4A8002BC53A /* HURSSChannelStore.m in Sources */,
				6B1A45CF1CCCB437002BC53A /* HURSSItemPresenter.m in Sources */,
				6B1A46181CCD55B2002BC53A /* FeedsDataModel.xcdatamodeld in Sources */,
				6B1A45DA1CCCB4A8002BC53A /* HURSSChannel.m in Sources */,
				6B1A45D01CCCB437002BC53A /* HURSSNavigationController.m in Sources */,
				6B1A460D1CCCB6B9002BC53A /* HURSSFeedInfo.m in Sources */,
				6B7DF0111CC2C21400AE4096 /* AppDelegate.m in Sources */,
				6B1A46391CCD6B3E002BC53A /* HURSSManagedFeedItem.m in Sources */,
				6B1A46051CCCB683002BC53A /* HURSSItemDetailView.m in Sources */,
				6B1A45DC1CCCB4A8002BC53A /* HURSSReservedChannelSet.m in Sources */,
				6B7DF00E1CC2C21400AE4096 /* main.m in Sources */,
				6B1A45D11CCCB437002BC53A /* HUSelectRSSChannelPresenter.m in Sources */,
				6B1A46331CCD61A2002BC53A /* HURSSManagedFeedInfo.m in Sources */,
				6B1A46011CCCB64C002BC53A /* HURSSFeedsCell.m in Sources */,
				6B1A46021CCCB64C002BC53A /* HURSSFeedsTableView.m in Sources */,
				6B1A45D21CCCB437002BC53A /* HUSplashViewController.m in Sources */,
				6B1A460E1CCCB6B9002BC53A /* HURSSFeedItem.m in Sources */,
			);
			runOnlyForDeploymentPostprocessing = 0;
		};
		6B7DF01E1CC2C21500AE4096 /* Sources */ = {
			isa = PBXSourcesBuildPhase;
			buildActionMask = 2147483647;
			files = (
				6B7DF0271CC2C21500AE4096 /* TwirlRssReadingTests.m in Sources */,
			);
			runOnlyForDeploymentPostprocessing = 0;
		};
/* End PBXSourcesBuildPhase section */

/* Begin PBXTargetDependency section */
		6B7DF0241CC2C21500AE4096 /* PBXTargetDependency */ = {
			isa = PBXTargetDependency;
			target = 6B7DF0081CC2C21400AE4096 /* TwirlRssReading */;
			targetProxy = 6B7DF0231CC2C21500AE4096 /* PBXContainerItemProxy */;
		};
/* End PBXTargetDependency section */

/* Begin PBXVariantGroup section */
		6B7DF01A1CC2C21400AE4096 /* LaunchScreen.storyboard */ = {
			isa = PBXVariantGroup;
			children = (
				6B7DF01B1CC2C21400AE4096 /* Base */,
			);
			name = LaunchScreen.storyboard;
			sourceTree = "<group>";
		};
/* End PBXVariantGroup section */

/* Begin XCBuildConfiguration section */
		6B7DF0291CC2C21500AE4096 /* Debug */ = {
			isa = XCBuildConfiguration;
			buildSettings = {
				ALWAYS_SEARCH_USER_PATHS = NO;
				CLANG_CXX_LANGUAGE_STANDARD = "gnu++0x";
				CLANG_CXX_LIBRARY = "libc++";
				CLANG_ENABLE_MODULES = YES;
				CLANG_ENABLE_OBJC_ARC = YES;
				CLANG_WARN_BOOL_CONVERSION = YES;
				CLANG_WARN_CONSTANT_CONVERSION = YES;
				CLANG_WARN_DIRECT_OBJC_ISA_USAGE = YES_ERROR;
				CLANG_WARN_EMPTY_BODY = YES;
				CLANG_WARN_ENUM_CONVERSION = YES;
				CLANG_WARN_INT_CONVERSION = YES;
				CLANG_WARN_OBJC_ROOT_CLASS = YES_ERROR;
				CLANG_WARN_UNREACHABLE_CODE = YES;
				CLANG_WARN__DUPLICATE_METHOD_MATCH = YES;
				"CODE_SIGN_IDENTITY[sdk=iphoneos*]" = "iPhone Developer";
				COPY_PHASE_STRIP = NO;
				DEBUG_INFORMATION_FORMAT = dwarf;
				ENABLE_STRICT_OBJC_MSGSEND = YES;
				ENABLE_TESTABILITY = YES;
				GCC_C_LANGUAGE_STANDARD = gnu99;
				GCC_DYNAMIC_NO_PIC = NO;
				GCC_NO_COMMON_BLOCKS = YES;
				GCC_OPTIMIZATION_LEVEL = 0;
				GCC_PREPROCESSOR_DEFINITIONS = (
					"DEBUG=1",
					"$(inherited)",
				);
				GCC_WARN_64_TO_32_BIT_CONVERSION = YES;
				GCC_WARN_ABOUT_RETURN_TYPE = YES_ERROR;
				GCC_WARN_UNDECLARED_SELECTOR = YES;
				GCC_WARN_UNINITIALIZED_AUTOS = YES_AGGRESSIVE;
				GCC_WARN_UNUSED_FUNCTION = YES;
				GCC_WARN_UNUSED_VARIABLE = YES;
				IPHONEOS_DEPLOYMENT_TARGET = 9.2;
				MTL_ENABLE_DEBUG_INFO = YES;
				ONLY_ACTIVE_ARCH = YES;
				SDKROOT = iphoneos;
				TARGETED_DEVICE_FAMILY = "1,2";
			};
			name = Debug;
		};
		6B7DF02A1CC2C21500AE4096 /* Release */ = {
			isa = XCBuildConfiguration;
			buildSettings = {
				ALWAYS_SEARCH_USER_PATHS = NO;
				CLANG_CXX_LANGUAGE_STANDARD = "gnu++0x";
				CLANG_CXX_LIBRARY = "libc++";
				CLANG_ENABLE_MODULES = YES;
				CLANG_ENABLE_OBJC_ARC = YES;
				CLANG_WARN_BOOL_CONVERSION = YES;
				CLANG_WARN_CONSTANT_CONVERSION = YES;
				CLANG_WARN_DIRECT_OBJC_ISA_USAGE = YES_ERROR;
				CLANG_WARN_EMPTY_BODY = YES;
				CLANG_WARN_ENUM_CONVERSION = YES;
				CLANG_WARN_INT_CONVERSION = YES;
				CLANG_WARN_OBJC_ROOT_CLASS = YES_ERROR;
				CLANG_WARN_UNREACHABLE_CODE = YES;
				CLANG_WARN__DUPLICATE_METHOD_MATCH = YES;
				"CODE_SIGN_IDENTITY[sdk=iphoneos*]" = "iPhone Developer";
				COPY_PHASE_STRIP = NO;
				DEBUG_INFORMATION_FORMAT = "dwarf-with-dsym";
				ENABLE_NS_ASSERTIONS = NO;
				ENABLE_STRICT_OBJC_MSGSEND = YES;
				GCC_C_LANGUAGE_STANDARD = gnu99;
				GCC_NO_COMMON_BLOCKS = YES;
				GCC_WARN_64_TO_32_BIT_CONVERSION = YES;
				GCC_WARN_ABOUT_RETURN_TYPE = YES_ERROR;
				GCC_WARN_UNDECLARED_SELECTOR = YES;
				GCC_WARN_UNINITIALIZED_AUTOS = YES_AGGRESSIVE;
				GCC_WARN_UNUSED_FUNCTION = YES;
				GCC_WARN_UNUSED_VARIABLE = YES;
				IPHONEOS_DEPLOYMENT_TARGET = 9.2;
				MTL_ENABLE_DEBUG_INFO = NO;
				SDKROOT = iphoneos;
				TARGETED_DEVICE_FAMILY = "1,2";
				VALIDATE_PRODUCT = YES;
			};
			name = Release;
		};
		6B7DF02C1CC2C21500AE4096 /* Debug */ = {
			isa = XCBuildConfiguration;
			baseConfigurationReference = D186BE21BDB8C05D39B050DE /* Pods-TwirlRssReading.debug.xcconfig */;
			buildSettings = {
				ASSETCATALOG_COMPILER_APPICON_NAME = AppIcon;
				GCC_PREFIX_HEADER = "$(SRCROOT)/$(PRODUCT_NAME)/HURSSImportRoot.pch";
				INFOPLIST_FILE = TwirlRssReading/Info.plist;
				IPHONEOS_DEPLOYMENT_TARGET = 7.0;
				LD_RUNPATH_SEARCH_PATHS = "$(inherited) @executable_path/Frameworks";
				PRODUCT_BUNDLE_IDENTIFIER = "-11.TwirlRssReading";
				PRODUCT_NAME = "$(TARGET_NAME)";
			};
			name = Debug;
		};
		6B7DF02D1CC2C21500AE4096 /* Release */ = {
			isa = XCBuildConfiguration;
			baseConfigurationReference = 2BDBBD39828BF905546467BF /* Pods-TwirlRssReading.release.xcconfig */;
			buildSettings = {
				ASSETCATALOG_COMPILER_APPICON_NAME = AppIcon;
				GCC_PREFIX_HEADER = "$(SRCROOT)/$(PRODUCT_NAME)/HURSSImportRoot.pch";
				INFOPLIST_FILE = TwirlRssReading/Info.plist;
				IPHONEOS_DEPLOYMENT_TARGET = 7.0;
				LD_RUNPATH_SEARCH_PATHS = "$(inherited) @executable_path/Frameworks";
				PRODUCT_BUNDLE_IDENTIFIER = "-11.TwirlRssReading";
				PRODUCT_NAME = "$(TARGET_NAME)";
			};
			name = Release;
		};
		6B7DF02F1CC2C21500AE4096 /* Debug */ = {
			isa = XCBuildConfiguration;
			buildSettings = {
				BUNDLE_LOADER = "$(TEST_HOST)";
				INFOPLIST_FILE = TwirlRssReadingTests/Info.plist;
				LD_RUNPATH_SEARCH_PATHS = "$(inherited) @executable_path/Frameworks @loader_path/Frameworks";
				PRODUCT_BUNDLE_IDENTIFIER = "-11.TwirlRssReadingTests";
				PRODUCT_NAME = "$(TARGET_NAME)";
				TEST_HOST = "$(BUILT_PRODUCTS_DIR)/TwirlRssReading.app/TwirlRssReading";
			};
			name = Debug;
		};
		6B7DF0301CC2C21500AE4096 /* Release */ = {
			isa = XCBuildConfiguration;
			buildSettings = {
				BUNDLE_LOADER = "$(TEST_HOST)";
				INFOPLIST_FILE = TwirlRssReadingTests/Info.plist;
				LD_RUNPATH_SEARCH_PATHS = "$(inherited) @executable_path/Frameworks @loader_path/Frameworks";
				PRODUCT_BUNDLE_IDENTIFIER = "-11.TwirlRssReadingTests";
				PRODUCT_NAME = "$(TARGET_NAME)";
				TEST_HOST = "$(BUILT_PRODUCTS_DIR)/TwirlRssReading.app/TwirlRssReading";
			};
			name = Release;
		};
/* End XCBuildConfiguration section */

/* Begin XCConfigurationList section */
		6B7DF0041CC2C21400AE4096 /* Build configuration list for PBXProject "TwirlRssReading" */ = {
			isa = XCConfigurationList;
			buildConfigurations = (
				6B7DF0291CC2C21500AE4096 /* Debug */,
				6B7DF02A1CC2C21500AE4096 /* Release */,
			);
			defaultConfigurationIsVisible = 0;
			defaultConfigurationName = Release;
		};
		6B7DF02B1CC2C21500AE4096 /* Build configuration list for PBXNativeTarget "TwirlRssReading" */ = {
			isa = XCConfigurationList;
			buildConfigurations = (
				6B7DF02C1CC2C21500AE4096 /* Debug */,
				6B7DF02D1CC2C21500AE4096 /* Release */,
			);
			defaultConfigurationIsVisible = 0;
			defaultConfigurationName = Release;
		};
		6B7DF02E1CC2C21500AE4096 /* Build configuration list for PBXNativeTarget "TwirlRssReadingTests" */ = {
			isa = XCConfigurationList;
			buildConfigurations = (
				6B7DF02F1CC2C21500AE4096 /* Debug */,
				6B7DF0301CC2C21500AE4096 /* Release */,
			);
			defaultConfigurationIsVisible = 0;
			defaultConfigurationName = Release;
		};
/* End XCConfigurationList section */

/* Begin XCVersionGroup section */
		6B1A46161CCD55B2002BC53A /* FeedsDataModel.xcdatamodeld */ = {
			isa = XCVersionGroup;
			children = (
				6B1A46171CCD55B2002BC53A /* FeedsDataModel.xcdatamodel */,
			);
			currentVersion = 6B1A46171CCD55B2002BC53A /* FeedsDataModel.xcdatamodel */;
			path = FeedsDataModel.xcdatamodeld;
			sourceTree = "<group>";
			versionGroupType = wrapper.xcdatamodel;
		};
/* End XCVersionGroup section */
	};
	rootObject = 6B7DF0011CC2C21400AE4096 /* Project object */;
}
